
Microsoft Visual Studio Solution File, Format Version 12.00
# Visual Studio Version 17
VisualStudioVersion = 17.6.33723.286
MinimumVisualStudioVersion = 10.0.40219.1
Project("{FAE04EC0-301F-11D3-BF4B-00C04F79EFBC}") = "HospedagemHotel", "HospedagemHotel.csproj", "{73232653-9525-49C0-A9E5-409C48FE12AD}"
EndProject
Global
	GlobalSection(SolutionConfigurationPlatforms) = preSolution
		Debug|Any CPU = Debug|Any CPU
		Release|Any CPU = Release|Any CPU
	EndGlobalSection
	GlobalSection(ProjectConfigurationPlatforms) = postSolution
		{73232653-9525-49C0-A9E5-409C48FE12AD}.Debug|Any CPU.ActiveCfg = Debug|Any CPU
		{73232653-9525-49C0-A9E5-409C48FE12AD}.Debug|Any CPU.Build.0 = Debug|Any CPU
		{73232653-9525-49C0-A9E5-409C48FE12AD}.Release|Any CPU.ActiveCfg = Release|Any CPU
		{73232653-9525-49C0-A9E5-409C48FE12AD}.Release|Any CPU.Build.0 = Release|Any CPU
	EndGlobalSection
	GlobalSection(SolutionProperties) = preSolution
		HideSolutionNode = FALSE
	EndGlobalSection
	GlobalSection(ExtensibilityGlobals) = postSolution
		SolutionGuid = {0220DC7F-EDD3-4871-849D-630BA84BDBB7}
	EndGlobalSection
EndGlobal
